
Microsoft Visual Studio Solution File, Format Version 12.00
# Visual Studio Version 16
VisualStudioVersion = 16.0.31129.286
MinimumVisualStudioVersion = 10.0.40219.1
Project("{2150E333-8FDC-42A3-9474-1A3956D46DE8}") = "Domain", "Domain", "{8564BCDA-4F51-4AA3-8C45-21E15154BBA9}"
EndProject
Project("{2150E333-8FDC-42A3-9474-1A3956D46DE8}") = "Infrastructure.Bus", "Infrastructure.Bus", "{F5642948-7B52-42E3-8503-CECE0F53513E}"
EndProject
Project("{2150E333-8FDC-42A3-9474-1A3956D46DE8}") = "Infrastructure.IoC", "Infrastructure.IoC", "{B5C7F869-26BC-4559-806D-1F6535B97DCA}"
EndProject
Project("{2150E333-8FDC-42A3-9474-1A3956D46DE8}") = "Microservices", "Microservices", "{BD9F3E50-7770-4CCC-9B80-0D9B3D6C836E}"
EndProject
Project("{2150E333-8FDC-42A3-9474-1A3956D46DE8}") = "Presentation", "Presentation", "{DB730557-981A-42D9-BAED-3363D76503BD}"
EndProject
Project("{9A19103F-16F7-4668-BE54-9A1E7A4F7556}") = "MicroRabbit.Domain.Core", "MicroRabbit.Domain.Core\MicroRabbit.Domain.Core.csproj", "{0163B7BD-BA15-4333-A5E1-FA33765CBC2D}"
EndProject
Project("{9A19103F-16F7-4668-BE54-9A1E7A4F7556}") = "MicroRabbit.Infrastructure.Bus", "MicroRabbit.Infrastructure.Bus\MicroRabbit.Infrastructure.Bus.csproj", "{8D083516-9FD6-4280-AB53-4AEE083BD646}"
EndProject
Project("{FAE04EC0-301F-11D3-BF4B-00C04F79EFBC}") = "MicroRabbit.Infrastructure.IoC", "MicroRabbit.Infrastructure.IoC\MicroRabbit.Infrastructure.IoC.csproj", "{C260C22B-D029-4BB1-8DC1-F845B69EF9A7}"
EndProject
Project("{2150E333-8FDC-42A3-9474-1A3956D46DE8}") = "Api", "Api", "{D55C5B3F-7651-4F7F-A600-3378AB2CD485}"
EndProject
Project("{2150E333-8FDC-42A3-9474-1A3956D46DE8}") = "Application", "Application", "{A2770219-0067-43F4-90B9-BA9F340CCF4D}"
EndProject
Project("{2150E333-8FDC-42A3-9474-1A3956D46DE8}") = "Domain", "Domain", "{5E03FF45-D8EB-4BB9-94D0-D9814032D0EF}"
EndProject
Project("{2150E333-8FDC-42A3-9474-1A3956D46DE8}") = "Data", "Data", "{EBC28E29-B148-4ACE-BC5E-7458FA6061AF}"
EndProject
Project("{FAE04EC0-301F-11D3-BF4B-00C04F79EFBC}") = "MicroRabbit.Banking.Api", "MicroRabbit.Banking.Api\MicroRabbit.Banking.Api.csproj", "{E30F0604-08B8-45A6-89FA-37AA04491AE8}"
EndProject
Project("{FAE04EC0-301F-11D3-BF4B-00C04F79EFBC}") = "MicroRabbit.Banking.Application", "MicroRabbit.Banking.Application\MicroRabbit.Banking.Application.csproj", "{D4C92BF8-1604-46AB-A3BF-24CE371BC731}"
EndProject
Project("{FAE04EC0-301F-11D3-BF4B-00C04F79EFBC}") = "MicroRabbit.Banking.Data", "MicroRabbit.Banking.Data\MicroRabbit.Banking.Data.csproj", "{73701246-8AC0-4BE6-A88A-07219FC48020}"
EndProject
Project("{FAE04EC0-301F-11D3-BF4B-00C04F79EFBC}") = "MicroRabbit.Banking.Domain", "MicroRabbit.Banking.Domain\MicroRabbit.Banking.Domain.csproj", "{C2498488-4159-4692-A8A1-75DACEECA6F7}"
EndProject
Global
	GlobalSection(SolutionConfigurationPlatforms) = preSolution
		Debug|Any CPU = Debug|Any CPU
		Release|Any CPU = Release|Any CPU
	EndGlobalSection
	GlobalSection(ProjectConfigurationPlatforms) = postSolution
		{0163B7BD-BA15-4333-A5E1-FA33765CBC2D}.Debug|Any CPU.ActiveCfg = Debug|Any CPU
		{0163B7BD-BA15-4333-A5E1-FA33765CBC2D}.Debug|Any CPU.Build.0 = Debug|Any CPU
		{0163B7BD-BA15-4333-A5E1-FA33765CBC2D}.Release|Any CPU.ActiveCfg = Release|Any CPU
		{0163B7BD-BA15-4333-A5E1-FA33765CBC2D}.Release|Any CPU.Build.0 = Release|Any CPU
		{8D083516-9FD6-4280-AB53-4AEE083BD646}.Debug|Any CPU.ActiveCfg = Debug|Any CPU
		{8D083516-9FD6-4280-AB53-4AEE083BD646}.Debug|Any CPU.Build.0 = Debug|Any CPU
		{8D083516-9FD6-4280-AB53-4AEE083BD646}.Release|Any CPU.ActiveCfg = Release|Any CPU
		{8D083516-9FD6-4280-AB53-4AEE083BD646}.Release|Any CPU.Build.0 = Release|Any CPU
		{C260C22B-D029-4BB1-8DC1-F845B69EF9A7}.Debug|Any CPU.ActiveCfg = Debug|Any CPU
		{C260C22B-D029-4BB1-8DC1-F845B69EF9A7}.Debug|Any CPU.Build.0 = Debug|Any CPU
		{C260C22B-D029-4BB1-8DC1-F845B69EF9A7}.Release|Any CPU.ActiveCfg = Release|Any CPU
		{C260C22B-D029-4BB1-8DC1-F845B69EF9A7}.Release|Any CPU.Build.0 = Release|Any CPU
		{E30F0604-08B8-45A6-89FA-37AA04491AE8}.Debug|Any CPU.ActiveCfg = Debug|Any CPU
		{E30F0604-08B8-45A6-89FA-37AA04491AE8}.Debug|Any CPU.Build.0 = Debug|Any CPU
		{E30F0604-08B8-45A6-89FA-37AA04491AE8}.Release|Any CPU.ActiveCfg = Release|Any CPU
		{E30F0604-08B8-45A6-89FA-37AA04491AE8}.Release|Any CPU.Build.0 = Release|Any CPU
		{D4C92BF8-1604-46AB-A3BF-24CE371BC731}.Debug|Any CPU.ActiveCfg = Debug|Any CPU
		{D4C92BF8-1604-46AB-A3BF-24CE371BC731}.Debug|Any CPU.Build.0 = Debug|Any CPU
		{D4C92BF8-1604-46AB-A3BF-24CE371BC731}.Release|Any CPU.ActiveCfg = Release|Any CPU
		{D4C92BF8-1604-46AB-A3BF-24CE371BC731}.Release|Any CPU.Build.0 = Release|Any CPU
		{73701246-8AC0-4BE6-A88A-07219FC48020}.Debug|Any CPU.ActiveCfg = Debug|Any CPU
		{73701246-8AC0-4BE6-A88A-07219FC48020}.Debug|Any CPU.Build.0 = Debug|Any CPU
		{73701246-8AC0-4BE6-A88A-07219FC48020}.Release|Any CPU.ActiveCfg = Release|Any CPU
		{73701246-8AC0-4BE6-A88A-07219FC48020}.Release|Any CPU.Build.0 = Release|Any CPU
		{C2498488-4159-4692-A8A1-75DACEECA6F7}.Debug|Any CPU.ActiveCfg = Debug|Any CPU
		{C2498488-4159-4692-A8A1-75DACEECA6F7}.Debug|Any CPU.Build.0 = Debug|Any CPU
		{C2498488-4159-4692-A8A1-75DACEECA6F7}.Release|Any CPU.ActiveCfg = Release|Any CPU
		{C2498488-4159-4692-A8A1-75DACEECA6F7}.Release|Any CPU.Build.0 = Release|Any CPU
	EndGlobalSection
	GlobalSection(SolutionProperties) = preSolution
		HideSolutionNode = FALSE
	EndGlobalSection
	GlobalSection(NestedProjects) = preSolution
		{0163B7BD-BA15-4333-A5E1-FA33765CBC2D} = {8564BCDA-4F51-4AA3-8C45-21E15154BBA9}
		{8D083516-9FD6-4280-AB53-4AEE083BD646} = {F5642948-7B52-42E3-8503-CECE0F53513E}
		{C260C22B-D029-4BB1-8DC1-F845B69EF9A7} = {B5C7F869-26BC-4559-806D-1F6535B97DCA}
		{D55C5B3F-7651-4F7F-A600-3378AB2CD485} = {BD9F3E50-7770-4CCC-9B80-0D9B3D6C836E}
		{A2770219-0067-43F4-90B9-BA9F340CCF4D} = {BD9F3E50-7770-4CCC-9B80-0D9B3D6C836E}
		{5E03FF45-D8EB-4BB9-94D0-D9814032D0EF} = {BD9F3E50-7770-4CCC-9B80-0D9B3D6C836E}
		{EBC28E29-B148-4ACE-BC5E-7458FA6061AF} = {BD9F3E50-7770-4CCC-9B80-0D9B3D6C836E}
		{E30F0604-08B8-45A6-89FA-37AA04491AE8} = {D55C5B3F-7651-4F7F-A600-3378AB2CD485}
		{D4C92BF8-1604-46AB-A3BF-24CE371BC731} = {A2770219-0067-43F4-90B9-BA9F340CCF4D}
		{73701246-8AC0-4BE6-A88A-07219FC48020} = {EBC28E29-B148-4ACE-BC5E-7458FA6061AF}
		{C2498488-4159-4692-A8A1-75DACEECA6F7} = {5E03FF45-D8EB-4BB9-94D0-D9814032D0EF}
	EndGlobalSection
	GlobalSection(ExtensibilityGlobals) = postSolution
		SolutionGuid = {50109566-5044-4780-9BB6-D05F21052ECA}
	EndGlobalSection
EndGlobal
